
Microsoft Visual Studio Solution File, Format Version 12.00
# Visual Studio Version 16
VisualStudioVersion = 16.0.30804.86
MinimumVisualStudioVersion = 10.0.40219.1
Project("{FAE04EC0-301F-11D3-BF4B-00C04F79EFBC}") = "PMS", "PMS\PMS.csproj", "{81B44470-B998-4782-8B66-48B731C58C37}"
EndProject
Global
	GlobalSection(SolutionConfigurationPlatforms) = preSolution
		Debug|Any CPU = Debug|Any CPU
		Release|Any CPU = Release|Any CPU
	EndGlobalSection
	GlobalSection(ProjectConfigurationPlatforms) = postSolution
		{81B44470-B998-4782-8B66-48B731C58C37}.Debug|Any CPU.ActiveCfg = Debug|Any CPU
		{81B44470-B998-4782-8B66-48B731C58C37}.Debug|Any CPU.Build.0 = Debug|Any CPU
		{81B44470-B998-4782-8B66-48B731C58C37}.Release|Any CPU.ActiveCfg = Release|Any CPU
		{81B44470-B998-4782-8B66-48B731C58C37}.Release|Any CPU.Build.0 = Release|Any CPU
	EndGlobalSection
	GlobalSection(SolutionProperties) = preSolution
		HideSolutionNode = FALSE
	EndGlobalSection
	GlobalSection(ExtensibilityGlobals) = postSolution
		SolutionGuid = {8992A09B-8A2B-4306-BBC7-944AD4C0D613}
	EndGlobalSection
EndGlobal
